// !$*UTF8*$!
{
	archiveVersion = 1;
	classes = {
	};
	objectVersion = 46;
	objects = {

/* Begin PBXBuildFile section */
		4E3B94C11F4EBBD900F317B8 /* main.m in Sources */ = {isa = PBXBuildFile; fileRef = 4E3B94C01F4EBBD900F317B8 /* main.m */; };
		4E3B94C41F4EBBD900F317B8 /* AppDelegate.m in Sources */ = {isa = PBXBuildFile; fileRef = 4E3B94C31F4EBBD900F317B8 /* AppDelegate.m */; };
		4E3B94C71F4EBBD900F317B8 /* ViewController.m in Sources */ = {isa = PBXBuildFile; fileRef = 4E3B94C61F4EBBD900F317B8 /* ViewController.m */; };
		4E3B94CA1F4EBBD900F317B8 /* Main.storyboard in Resources */ = {isa = PBXBuildFile; fileRef = 4E3B94C81F4EBBD900F317B8 /* Main.storyboard */; };
		4E3B94CC1F4EBBD900F317B8 /* Assets.xcassets in Resources */ = {isa = PBXBuildFile; fileRef = 4E3B94CB1F4EBBD900F317B8 /* Assets.xcassets */; };
		4E3B94CF1F4EBBD900F317B8 /* LaunchScreen.storyboard in Resources */ = {isa = PBXBuildFile; fileRef = 4E3B94CD1F4EBBD900F317B8 /* LaunchScreen.storyboard */; };
		4E3B94DC1F4EBCA200F317B8 /* HttpService.m in Sources */ = {isa = PBXBuildFile; fileRef = 4E3B94DB1F4EBCA200F317B8 /* HttpService.m */; };
		4E3B94FD1F539F0A00F317B8 /* VideoCell.m in Sources */ = {isa = PBXBuildFile; fileRef = 4E3B94FC1F539F0A00F317B8 /* VideoCell.m */; };
		4E3B95001F53B9FE00F317B8 /* Video.m in Sources */ = {isa = PBXBuildFile; fileRef = 4E3B94FF1F53B9FE00F317B8 /* Video.m */; };
/* End PBXBuildFile section */

/* Begin PBXFileReference section */
		4E3B94BC1F4EBBD900F317B8 /* DevslopesTutorials.app */ = {isa = PBXFileReference; explicitFileType = wrapper.application; includeInIndex = 0; path = DevslopesTutorials.app; sourceTree = BUILT_PRODUCTS_DIR; };
		4E3B94C01F4EBBD900F317B8 /* main.m */ = {isa = PBXFileReference; lastKnownFileType = sourcecode.c.objc; path = main.m; sourceTree = "<group>"; };
		4E3B94C21F4EBBD900F317B8 /* AppDelegate.h */ = {isa = PBXFileReference; lastKnownFileType = sourcecode.c.h; path = AppDelegate.h; sourceTree = "<group>"; };
		4E3B94C31F4EBBD900F317B8 /* AppDelegate.m */ = {isa = PBXFileReference; lastKnownFileType = sourcecode.c.objc; path = AppDelegate.m; sourceTree = "<group>"; };
		4E3B94C51F4EBBD900F317B8 /* ViewController.h */ = {isa = PBXFileReference; lastKnownFileType = sourcecode.c.h; path = ViewController.h; sourceTree = "<group>"; };
		4E3B94C61F4EBBD900F317B8 /* ViewController.m */ = {isa = PBXFileReference; lastKnownFileType = sourcecode.c.objc; path = ViewController.m; sourceTree = "<group>"; };
		4E3B94C91F4EBBD900F317B8 /* Base */ = {isa = PBXFileReference; lastKnownFileType = file.storyboard; name = Base; path = Base.lproj/Main.storyboard; sourceTree = "<group>"; };
		4E3B94CB1F4EBBD900F317B8 /* Assets.xcassets */ = {isa = PBXFileReference; lastKnownFileType = folder.assetcatalog; path = Assets.xcassets; sourceTree = "<group>"; };
		4E3B94CE1F4EBBD900F317B8 /* Base */ = {isa = PBXFileReference; lastKnownFileType = file.storyboard; name = Base; path = Base.lproj/LaunchScreen.storyboard; sourceTree = "<group>"; };
		4E3B94D01F4EBBD900F317B8 /* Info.plist */ = {isa = PBXFileReference; lastKnownFileType = text.plist.xml; path = Info.plist; sourceTree = "<group>"; };
		4E3B94DA1F4EBCA200F317B8 /* HttpService.h */ = {isa = PBXFileReference; fileEncoding = 4; lastKnownFileType = sourcecode.c.h; path = HttpService.h; sourceTree = "<group>"; };
		4E3B94DB1F4EBCA200F317B8 /* HttpService.m */ = {isa = PBXFileReference; fileEncoding = 4; lastKnownFileType = sourcecode.c.objc; path = HttpService.m; sourceTree = "<group>"; };
		4E3B94FB1F539F0A00F317B8 /* VideoCell.h */ = {isa = PBXFileReference; fileEncoding = 4; lastKnownFileType = sourcecode.c.h; path = VideoCell.h; sourceTree = "<group>"; };
		4E3B94FC1F539F0A00F317B8 /* VideoCell.m */ = {isa = PBXFileReference; fileEncoding = 4; lastKnownFileType = sourcecode.c.objc; path = VideoCell.m; sourceTree = "<group>"; };
		4E3B94FE1F53B9FE00F317B8 /* Video.h */ = {isa = PBXFileReference; fileEncoding = 4; lastKnownFileType = sourcecode.c.h; path = Video.h; sourceTree = "<group>"; };
		4E3B94FF1F53B9FE00F317B8 /* Video.m */ = {isa = PBXFileReference; fileEncoding = 4; lastKnownFileType = sourcecode.c.objc; path = Video.m; sourceTree = "<group>"; };
/* End PBXFileReference section */

/* Begin PBXFrameworksBuildPhase section */
		4E3B94B91F4EBBD900F317B8 /* Frameworks */ = {
			isa = PBXFrameworksBuildPhase;
			buildActionMask = 2147483647;
			files = (
			);
			runOnlyForDeploymentPostprocessing = 0;
		};
/* End PBXFrameworksBuildPhase section */

/* Begin PBXGroup section */
		4E3B94B31F4EBBD900F317B8 = {
			isa = PBXGroup;
			children = (
				4E3B94BE1F4EBBD900F317B8 /* DevslopesTutorials */,
				4E3B94BD1F4EBBD900F317B8 /* Products */,
			);
			sourceTree = "<group>";
		};
		4E3B94BD1F4EBBD900F317B8 /* Products */ = {
			isa = PBXGroup;
			children = (
				4E3B94BC1F4EBBD900F317B8 /* DevslopesTutorials.app */,
			);
			name = Products;
			sourceTree = "<group>";
		};
		4E3B94BE1F4EBBD900F317B8 /* DevslopesTutorials */ = {
			isa = PBXGroup;
			children = (
				4E3B94D61F4EBC4100F317B8 /* Model */,
				4E3B94D71F4EBC4800F317B8 /* View */,
				4E3B94D81F4EBC5200F317B8 /* Controller */,
				4E3B94D91F4EBC5C00F317B8 /* Services */,
				4E3B94C21F4EBBD900F317B8 /* AppDelegate.h */,
				4E3B94C31F4EBBD900F317B8 /* AppDelegate.m */,
				4E3B94CB1F4EBBD900F317B8 /* Assets.xcassets */,
				4E3B94D01F4EBBD900F317B8 /* Info.plist */,
				4E3B94BF1F4EBBD900F317B8 /* Supporting Files */,
			);
			path = DevslopesTutorials;
			sourceTree = "<group>";
		};
		4E3B94BF1F4EBBD900F317B8 /* Supporting Files */ = {
			isa = PBXGroup;
			children = (
				4E3B94C01F4EBBD900F317B8 /* main.m */,
			);
			name = "Supporting Files";
			sourceTree = "<group>";
		};
		4E3B94D61F4EBC4100F317B8 /* Model */ = {
			isa = PBXGroup;
			children = (
				4E3B94FE1F53B9FE00F317B8 /* Video.h */,
				4E3B94FF1F53B9FE00F317B8 /* Video.m */,
			);
			name = Model;
			sourceTree = "<group>";
		};
		4E3B94D71F4EBC4800F317B8 /* View */ = {
			isa = PBXGroup;
			children = (
				4E3B94CD1F4EBBD900F317B8 /* LaunchScreen.storyboard */,
				4E3B94C81F4EBBD900F317B8 /* Main.storyboard */,
				4E3B94FB1F539F0A00F317B8 /* VideoCell.h */,
				4E3B94FC1F539F0A00F317B8 /* VideoCell.m */,
			);
			name = View;
			sourceTree = "<group>";
		};
		4E3B94D81F4EBC5200F317B8 /* Controller */ = {
			isa = PBXGroup;
			children = (
				4E3B94C51F4EBBD900F317B8 /* ViewController.h */,
				4E3B94C61F4EBBD900F317B8 /* ViewController.m */,
			);
			name = Controller;
			sourceTree = "<group>";
		};
		4E3B94D91F4EBC5C00F317B8 /* Services */ = {
			isa = PBXGroup;
			children = (
				4E3B94DA1F4EBCA200F317B8 /* HttpService.h */,
				4E3B94DB1F4EBCA200F317B8 /* HttpService.m */,
			);
			name = Services;
			sourceTree = "<group>";
		};
/* End PBXGroup section */

/* Begin PBXNativeTarget section */
		4E3B94BB1F4EBBD900F317B8 /* DevslopesTutorials */ = {
			isa = PBXNativeTarget;
			buildConfigurationList = 4E3B94D31F4EBBD900F317B8 /* Build configuration list for PBXNativeTarget "DevslopesTutorials" */;
			buildPhases = (
				4E3B94B81F4EBBD900F317B8 /* Sources */,
				4E3B94B91F4EBBD900F317B8 /* Frameworks */,
				4E3B94BA1F4EBBD900F317B8 /* Resources */,
			);
			buildRules = (
			);
			dependencies = (
			);
			name = DevslopesTutorials;
			productName = DevslopesTutorials;
			productReference = 4E3B94BC1F4EBBD900F317B8 /* DevslopesTutorials.app */;
			productType = "com.apple.product-type.application";
		};
/* End PBXNativeTarget section */

/* Begin PBXProject section */
		4E3B94B41F4EBBD900F317B8 /* Project object */ = {
			isa = PBXProject;
			attributes = {
				LastUpgradeCheck = 0820;
				ORGANIZATIONNAME = "Sang Saephan";
				TargetAttributes = {
					4E3B94BB1F4EBBD900F317B8 = {
						CreatedOnToolsVersion = 8.2.1;
						ProvisioningStyle = Automatic;
					};
				};
			};
			buildConfigurationList = 4E3B94B71F4EBBD900F317B8 /* Build configuration list for PBXProject "DevslopesTutorials" */;
			compatibilityVersion = "Xcode 3.2";
			developmentRegion = English;
			hasScannedForEncodings = 0;
			knownRegions = (
				en,
				Base,
			);
			mainGroup = 4E3B94B31F4EBBD900F317B8;
			productRefGroup = 4E3B94BD1F4EBBD900F317B8 /* Products */;
			projectDirPath = "";
			projectRoot = "";
			targets = (
				4E3B94BB1F4EBBD900F317B8 /* DevslopesTutorials */,
			);
		};
/* End PBXProject section */

/* Begin PBXResourcesBuildPhase section */
		4E3B94BA1F4EBBD900F317B8 /* Resources */ = {
			isa = PBXResourcesBuildPhase;
			buildActionMask = 2147483647;
			files = (
				4E3B94CF1F4EBBD900F317B8 /* LaunchScreen.storyboard in Resources */,
				4E3B94CC1F4EBBD900F317B8 /* Assets.xcassets in Resources */,
				4E3B94CA1F4EBBD900F317B8 /* Main.storyboard in Resources */,
			);
			runOnlyForDeploymentPostprocessing = 0;
		};
/* End PBXResourcesBuildPhase section */

/* Begin PBXSourcesBuildPhase section */
		4E3B94B81F4EBBD900F317B8 /* Sources */ = {
			isa = PBXSourcesBuildPhase;
			buildActionMask = 2147483647;
			files = (
				4E3B94C71F4EBBD900F317B8 /* ViewController.m in Sources */,
				4E3B94FD1F539F0A00F317B8 /* VideoCell.m in Sources */,
				4E3B94DC1F4EBCA200F317B8 /* HttpService.m in Sources */,
				4E3B95001F53B9FE00F317B8 /* Video.m in Sources */,
				4E3B94C41F4EBBD900F317B8 /* AppDelegate.m in Sources */,
				4E3B94C11F4EBBD900F317B8 /* main.m in Sources */,
			);
			runOnlyForDeploymentPostprocessing = 0;
		};
/* End PBXSourcesBuildPhase section */

/* Begin PBXVariantGroup section */
		4E3B94C81F4EBBD900F317B8 /* Main.storyboard */ = {
			isa = PBXVariantGroup;
			children = (
				4E3B94C91F4EBBD900F317B8 /* Base */,
			);
			name = Main.storyboard;
			sourceTree = "<group>";
		};
		4E3B94CD1F4EBBD900F317B8 /* LaunchScreen.storyboard */ = {
			isa = PBXVariantGroup;
			children = (
				4E3B94CE1F4EBBD900F317B8 /* Base */,
			);
			name = LaunchScreen.storyboard;
			sourceTree = "<group>";
		};
/* End PBXVariantGroup section */

/* Begin XCBuildConfiguration section */
		4E3B94D11F4EBBD900F317B8 /* Debug */ = {
			isa = XCBuildConfiguration;
			buildSettings = {
				ALWAYS_SEARCH_USER_PATHS = NO;
				CLANG_ANALYZER_NONNULL = YES;
				CLANG_CXX_LANGUAGE_STANDARD = "gnu++0x";
				CLANG_CXX_LIBRARY = "libc++";
				CLANG_ENABLE_MODULES = YES;
				CLANG_ENABLE_OBJC_ARC = YES;
				CLANG_WARN_BOOL_CONVERSION = YES;
				CLANG_WARN_CONSTANT_CONVERSION = YES;
				CLANG_WARN_DIRECT_OBJC_ISA_USAGE = YES_ERROR;
				CLANG_WARN_DOCUMENTATION_COMMENTS = YES;
				CLANG_WARN_EMPTY_BODY = YES;
				CLANG_WARN_ENUM_CONVERSION = YES;
				CLANG_WARN_INFINITE_RECURSION = YES;
				CLANG_WARN_INT_CONVERSION = YES;
				CLANG_WARN_OBJC_ROOT_CLASS = YES_ERROR;
				CLANG_WARN_SUSPICIOUS_MOVE = YES;
				CLANG_WARN_UNREACHABLE_CODE = YES;
				CLANG_WARN__DUPLICATE_METHOD_MATCH = YES;
				"CODE_SIGN_IDENTITY[sdk=iphoneos*]" = "iPhone Developer";
				COPY_PHASE_STRIP = NO;
				DEBUG_INFORMATION_FORMAT = dwarf;
				ENABLE_STRICT_OBJC_MSGSEND = YES;
				ENABLE_TESTABILITY = YES;
				GCC_C_LANGUAGE_STANDARD = gnu99;
				GCC_DYNAMIC_NO_PIC = NO;
				GCC_NO_COMMON_BLOCKS = YES;
				GCC_OPTIMIZATION_LEVEL = 0;
				GCC_PREPROCESSOR_DEFINITIONS = (
					"DEBUG=1",
					"$(inherited)",
				);
				GCC_WARN_64_TO_32_BIT_CONVERSION = YES;
				GCC_WARN_ABOUT_RETURN_TYPE = YES_ERROR;
				GCC_WARN_UNDECLARED_SELECTOR = YES;
				GCC_WARN_UNINITIALIZED_AUTOS = YES_AGGRESSIVE;
				GCC_WARN_UNUSED_FUNCTION = YES;
				GCC_WARN_UNUSED_VARIABLE = YES;
				IPHONEOS_DEPLOYMENT_TARGET = 10.2;
				MTL_ENABLE_DEBUG_INFO = YES;
				ONLY_ACTIVE_ARCH = YES;
				SDKROOT = iphoneos;
			};
			name = Debug;
		};
		4E3B94D21F4EBBD900F317B8 /* Release */ = {
			isa = XCBuildConfiguration;
			buildSettings = {
				ALWAYS_SEARCH_USER_PATHS = NO;
				CLANG_ANALYZER_NONNULL = YES;
				CLANG_CXX_LANGUAGE_STANDARD = "gnu++0x";
				CLANG_CXX_LIBRARY = "libc++";
				CLANG_ENABLE_MODULES = YES;
				CLANG_ENABLE_OBJC_ARC = YES;
				CLANG_WARN_BOOL_CONVERSION = YES;
				CLANG_WARN_CONSTANT_CONVERSION = YES;
				CLANG_WARN_DIRECT_OBJC_ISA_USAGE = YES_ERROR;
				CLANG_WARN_DOCUMENTATION_COMMENTS = YES;
				CLANG_WARN_EMPTY_BODY = YES;
				CLANG_WARN_ENUM_CONVERSION = YES;
				CLANG_WARN_INFINITE_RECURSION = YES;
				CLANG_WARN_INT_CONVERSION = YES;
				CLANG_WARN_OBJC_ROOT_CLASS = YES_ERROR;
				CLANG_WARN_SUSPICIOUS_MOVE = YES;
				CLANG_WARN_UNREACHABLE_CODE = YES;
				CLANG_WARN__DUPLICATE_METHOD_MATCH = YES;
				"CODE_SIGN_IDENTITY[sdk=iphoneos*]" = "iPhone Developer";
				COPY_PHASE_STRIP = NO;
				DEBUG_INFORMATION_FORMAT = "dwarf-with-dsym";
				ENABLE_NS_ASSERTIONS = NO;
				ENABLE_STRICT_OBJC_MSGSEND = YES;
				GCC_C_LANGUAGE_STANDARD = gnu99;
				GCC_NO_COMMON_BLOCKS = YES;
				GCC_WARN_64_TO_32_BIT_CONVERSION = YES;
				GCC_WARN_ABOUT_RETURN_TYPE = YES_ERROR;
				GCC_WARN_UNDECLARED_SELECTOR = YES;
				GCC_WARN_UNINITIALIZED_AUTOS = YES_AGGRESSIVE;
				GCC_WARN_UNUSED_FUNCTION = YES;
				GCC_WARN_UNUSED_VARIABLE = YES;
				IPHONEOS_DEPLOYMENT_TARGET = 10.2;
				MTL_ENABLE_DEBUG_INFO = NO;
				SDKROOT = iphoneos;
				VALIDATE_PRODUCT = YES;
			};
			name = Release;
		};
		4E3B94D41F4EBBD900F317B8 /* Debug */ = {
			isa = XCBuildConfiguration;
			buildSettings = {
				ASSETCATALOG_COMPILER_APPICON_NAME = AppIcon;
				INFOPLIST_FILE = DevslopesTutorials/Info.plist;
				LD_RUNPATH_SEARCH_PATHS = "$(inherited) @executable_path/Frameworks";
				PRODUCT_BUNDLE_IDENTIFIER = com.SangSaephan.DevslopesTutorials;
				PRODUCT_NAME = "$(TARGET_NAME)";
			};
			name = Debug;
		};
		4E3B94D51F4EBBD900F317B8 /* Release */ = {
			isa = XCBuildConfiguration;
			buildSettings = {
				ASSETCATALOG_COMPILER_APPICON_NAME = AppIcon;
				INFOPLIST_FILE = DevslopesTutorials/Info.plist;
				LD_RUNPATH_SEARCH_PATHS = "$(inherited) @executable_path/Frameworks";
				PRODUCT_BUNDLE_IDENTIFIER = com.SangSaephan.DevslopesTutorials;
				PRODUCT_NAME = "$(TARGET_NAME)";
			};
			name = Release;
		};
/* End XCBuildConfiguration section */

/* Begin XCConfigurationList section */
		4E3B94B71F4EBBD900F317B8 /* Build configuration list for PBXProject "DevslopesTutorials" */ = {
			isa = XCConfigurationList;
			buildConfigurations = (
				4E3B94D11F4EBBD900F317B8 /* Debug */,
				4E3B94D21F4EBBD900F317B8 /* Release */,
			);
			defaultConfigurationIsVisible = 0;
			defaultConfigurationName = Release;
		};
		4E3B94D31F4EBBD900F317B8 /* Build configuration list for PBXNativeTarget "DevslopesTutorials" */ = {
			isa = XCConfigurationList;
			buildConfigurations = (
				4E3B94D41F4EBBD900F317B8 /* Debug */,
				4E3B94D51F4EBBD900F317B8 /* Release */,
			);
			defaultConfigurationIsVisible = 0;
		};
/* End XCConfigurationList section */
	};
	rootObject = 4E3B94B41F4EBBD900F317B8 /* Project object */;
}
